
Microsoft Visual Studio Solution File, Format Version 9.00
# Visual Studio 2005
Project("{94D665CA-D915-4DE1-AA53-913450A1AE2D}") = "life", "life.fsharpp", "{421AEC50-E96C-4EA2-85D4-A03B468C75D8}"
EndProject
Global
	GlobalSection(SolutionConfigurationPlatforms) = preSolution
		Debug|Win32 = Debug|Win32
		Release|Win32 = Release|Win32
	EndGlobalSection
	GlobalSection(ProjectConfigurationPlatforms) = postSolution
		{421AEC50-E96C-4EA2-85D4-A03B468C75D8}.Debug|Win32.ActiveCfg = Debug|Win32
		{421AEC50-E96C-4EA2-85D4-A03B468C75D8}.Debug|Win32.Build.0 = Debug|Win32
		{421AEC50-E96C-4EA2-85D4-A03B468C75D8}.Release|Win32.ActiveCfg = Release|Win32
		{421AEC50-E96C-4EA2-85D4-A03B468C75D8}.Release|Win32.Build.0 = Release|Win32
	EndGlobalSection
	GlobalSection(SolutionProperties) = preSolution
		HideSolutionNode = FALSE
	EndGlobalSection
EndGlobal
